
Microsoft Visual Studio Solution File, Format Version 12.00
# Visual Studio 2013
VisualStudioVersion = 12.0.30501.0
MinimumVisualStudioVersion = 10.0.40219.1
Project("{FAE04EC0-301F-11D3-BF4B-00C04F79EFBC}") = "CosmosSamples.Export.GetRowCount", "CosmosSamples.Export.GetRowCount\CosmosSamples.Export.GetRowCount.csproj", "{0BAB517E-DDE1-417D-9DBA-7A08D65E663B}"
EndProject
Global
	GlobalSection(SolutionConfigurationPlatforms) = preSolution
		Debug|Any CPU = Debug|Any CPU
		Release|Any CPU = Release|Any CPU
	EndGlobalSection
	GlobalSection(ProjectConfigurationPlatforms) = postSolution
		{0BAB517E-DDE1-417D-9DBA-7A08D65E663B}.Debug|Any CPU.ActiveCfg = Debug|Any CPU
		{0BAB517E-DDE1-417D-9DBA-7A08D65E663B}.Debug|Any CPU.Build.0 = Debug|Any CPU
		{0BAB517E-DDE1-417D-9DBA-7A08D65E663B}.Release|Any CPU.ActiveCfg = Release|Any CPU
		{0BAB517E-DDE1-417D-9DBA-7A08D65E663B}.Release|Any CPU.Build.0 = Release|Any CPU
	EndGlobalSection
	GlobalSection(SolutionProperties) = preSolution
		HideSolutionNode = FALSE
	EndGlobalSection
EndGlobal
